
Microsoft Visual Studio Solution File, Format Version 12.00
# Visual Studio Version 17
VisualStudioVersion = 17.0.31903.59
MinimumVisualStudioVersion = 10.0.40219.1
Project("{2150E333-8FDC-42A3-9474-1A3956D46DE8}") = "src", "src", "{827E0CD3-B72D-47B6-A68D-7590B98EB39B}"
EndProject
Project("{FAE04EC0-301F-11D3-BF4B-00C04F79EFBC}") = "Bevel.Pal.Abstractions", "src\Bevel.Pal.Abstractions\Bevel.Pal.Abstractions.csproj", "{C6D112CC-367B-434D-BFBD-6186BB6D91F1}"
EndProject
Project("{FAE04EC0-301F-11D3-BF4B-00C04F79EFBC}") = "Bevel.Core", "src\Bevel.Core\Bevel.Core.csproj", "{E0D81BC3-9C7B-4624-ADC9-F50B54C49ABE}"
EndProject
Project("{FAE04EC0-301F-11D3-BF4B-00C04F79EFBC}") = "Bevel.Pal.Fake", "src\Bevel.Pal.Fake\Bevel.Pal.Fake.csproj", "{E0E21489-B25E-4890-8D04-07E9FABD88E4}"
EndProject
Project("{FAE04EC0-301F-11D3-BF4B-00C04F79EFBC}") = "Bevel.Pal.MacOS", "src\Bevel.Pal.MacOS\Bevel.Pal.MacOS.csproj", "{C42A3B7F-19EC-4F62-A70D-CF9732097116}"
EndProject
Project("{FAE04EC0-301F-11D3-BF4B-00C04F79EFBC}") = "Bevel.Ipc", "src\Bevel.Ipc\Bevel.Ipc.csproj", "{2651964E-F0FB-4974-820A-1BE94C3D2ED6}"
EndProject
Project("{FAE04EC0-301F-11D3-BF4B-00C04F79EFBC}") = "Bevel.UI", "src\Bevel.UI\Bevel.UI.csproj", "{B8DA1027-7E5D-444F-9345-141547D7CF3C}"
EndProject
Project("{FAE04EC0-301F-11D3-BF4B-00C04F79EFBC}") = "Bevel.Themes.Win2000", "src\Bevel.Themes.Win2000\Bevel.Themes.Win2000.csproj", "{BD256337-03B8-4FFD-88B7-0C766AD3BDEA}"
EndProject
Project("{FAE04EC0-301F-11D3-BF4B-00C04F79EFBC}") = "Bevel.Desktop", "src\Bevel.Desktop\Bevel.Desktop.csproj", "{0F653BA2-BE56-418B-A21B-D81805F606D0}"
EndProject
Project("{FAE04EC0-301F-11D3-BF4B-00C04F79EFBC}") = "Bevel.Taskbar", "src\Bevel.Taskbar\Bevel.Taskbar.csproj", "{FF1B5409-DB41-40B2-A997-6CAD39953828}"
EndProject
Project("{FAE04EC0-301F-11D3-BF4B-00C04F79EFBC}") = "Bevel.FileManager", "src\Bevel.FileManager\Bevel.FileManager.csproj", "{297D0967-E4EE-4870-864A-F3005E257C6C}"
EndProject
Project("{FAE04EC0-301F-11D3-BF4B-00C04F79EFBC}") = "Bevel.App", "src\Bevel.App\Bevel.App.csproj", "{DB4FA414-474A-4DC7-ADF9-916936F031FB}"
EndProject
Project("{2150E333-8FDC-42A3-9474-1A3956D46DE8}") = "tests", "tests", "{0AB3BF05-4346-4AA6-1389-037BE0695223}"
EndProject
Project("{FAE04EC0-301F-11D3-BF4B-00C04F79EFBC}") = "Bevel.Core.Tests", "tests\Bevel.Core.Tests\Bevel.Core.Tests.csproj", "{80DF4719-1A63-4564-A6C1-27213EF3D88A}"
EndProject
Project("{FAE04EC0-301F-11D3-BF4B-00C04F79EFBC}") = "Bevel.Pal.ContractTests", "tests\Bevel.Pal.ContractTests\Bevel.Pal.ContractTests.csproj", "{3DAC6874-C4B0-4070-82CE-5AF563271E61}"
EndProject
Project("{FAE04EC0-301F-11D3-BF4B-00C04F79EFBC}") = "Bevel.UI.Tests", "tests\Bevel.UI.Tests\Bevel.UI.Tests.csproj", "{2544F75A-C1AE-41CF-8CD4-AF132B34B0B7}"
EndProject
Project("{2150E333-8FDC-42A3-9474-1A3956D46DE8}") = "third_party", "third_party", "{0DC175A4-010F-A5A8-72A9-B7A5E3C716E6}"
EndProject
Project("{2150E333-8FDC-42A3-9474-1A3956D46DE8}") = "classic-avalonia", "classic-avalonia", "{9BFD89C0-F61A-C713-DBE5-F890A8FACEA1}"
EndProject
Project("{FAE04EC0-301F-11D3-BF4B-00C04F79EFBC}") = "Classic.Avalonia.Theme", "third_party\classic-avalonia\Classic.Avalonia.Theme\Classic.Avalonia.Theme.csproj", "{D612190F-23A1-4471-9031-9AB1ADDA3670}"
EndProject
Project("{FAE04EC0-301F-11D3-BF4B-00C04F79EFBC}") = "Classic.CommonControls.Avalonia", "third_party\classic-avalonia\Classic.CommonControls.Avalonia\Classic.CommonControls.Avalonia.csproj", "{D8252974-42D0-45DB-84A9-8D18F6CE974F}"
EndProject
Project("{FAE04EC0-301F-11D3-BF4B-00C04F79EFBC}") = "Bevel.FileManager.Tests", "tests\Bevel.FileManager.Tests\Bevel.FileManager.Tests.csproj", "{131F370B-BC0D-4C86-AE53-2815D8734279}"
EndProject
Project("{FAE04EC0-301F-11D3-BF4B-00C04F79EFBC}") = "Bevel.Pal.MacOS.Tests", "tests\Bevel.Pal.MacOS.Tests\Bevel.Pal.MacOS.Tests.csproj", "{22291316-52F8-457B-8378-B01A86A95ED1}"
EndProject
Global
	GlobalSection(SolutionConfigurationPlatforms) = preSolution
		Debug|Any CPU = Debug|Any CPU
		Debug|x64 = Debug|x64
		Debug|x86 = Debug|x86
		Release|Any CPU = Release|Any CPU
		Release|x64 = Release|x64
		Release|x86 = Release|x86
	EndGlobalSection
	GlobalSection(ProjectConfigurationPlatforms) = postSolution
		{C6D112CC-367B-434D-BFBD-6186BB6D91F1}.Debug|Any CPU.ActiveCfg = Debug|Any CPU
		{C6D112CC-367B-434D-BFBD-6186BB6D91F1}.Debug|Any CPU.Build.0 = Debug|Any CPU
		{C6D112CC-367B-434D-BFBD-6186BB6D91F1}.Debug|x64.ActiveCfg = Debug|Any CPU
		{C6D112CC-367B-434D-BFBD-6186BB6D91F1}.Debug|x64.Build.0 = Debug|Any CPU
		{C6D112CC-367B-434D-BFBD-6186BB6D91F1}.Debug|x86.ActiveCfg = Debug|Any CPU
		{C6D112CC-367B-434D-BFBD-6186BB6D91F1}.Debug|x86.Build.0 = Debug|Any CPU
		{C6D112CC-367B-434D-BFBD-6186BB6D91F1}.Release|Any CPU.ActiveCfg = Release|Any CPU
		{C6D112CC-367B-434D-BFBD-6186BB6D91F1}.Release|Any CPU.Build.0 = Release|Any CPU
		{C6D112CC-367B-434D-BFBD-6186BB6D91F1}.Release|x64.ActiveCfg = Release|Any CPU
		{C6D112CC-367B-434D-BFBD-6186BB6D91F1}.Release|x64.Build.0 = Release|Any CPU
		{C6D112CC-367B-434D-BFBD-6186BB6D91F1}.Release|x86.ActiveCfg = Release|Any CPU
		{C6D112CC-367B-434D-BFBD-6186BB6D91F1}.Release|x86.Build.0 = Release|Any CPU
		{E0D81BC3-9C7B-4624-ADC9-F50B54C49ABE}.Debug|Any CPU.ActiveCfg = Debug|Any CPU
		{E0D81BC3-9C7B-4624-ADC9-F50B54C49ABE}.Debug|Any CPU.Build.0 = Debug|Any CPU
		{E0D81BC3-9C7B-4624-ADC9-F50B54C49ABE}.Debug|x64.ActiveCfg = Debug|Any CPU
		{E0D81BC3-9C7B-4624-ADC9-F50B54C49ABE}.Debug|x64.Build.0 = Debug|Any CPU
		{E0D81BC3-9C7B-4624-ADC9-F50B54C49ABE}.Debug|x86.ActiveCfg = Debug|Any CPU
		{E0D81BC3-9C7B-4624-ADC9-F50B54C49ABE}.Debug|x86.Build.0 = Debug|Any CPU
		{E0D81BC3-9C7B-4624-ADC9-F50B54C49ABE}.Release|Any CPU.ActiveCfg = Release|Any CPU
		{E0D81BC3-9C7B-4624-ADC9-F50B54C49ABE}.Release|Any CPU.Build.0 = Release|Any CPU
		{E0D81BC3-9C7B-4624-ADC9-F50B54C49ABE}.Release|x64.ActiveCfg = Release|Any CPU
		{E0D81BC3-9C7B-4624-ADC9-F50B54C49ABE}.Release|x64.Build.0 = Release|Any CPU
		{E0D81BC3-9C7B-4624-ADC9-F50B54C49ABE}.Release|x86.ActiveCfg = Release|Any CPU
		{E0D81BC3-9C7B-4624-ADC9-F50B54C49ABE}.Release|x86.Build.0 = Release|Any CPU
		{E0E21489-B25E-4890-8D04-07E9FABD88E4}.Debug|Any CPU.ActiveCfg = Debug|Any CPU
		{E0E21489-B25E-4890-8D04-07E9FABD88E4}.Debug|Any CPU.Build.0 = Debug|Any CPU
		{E0E21489-B25E-4890-8D04-07E9FABD88E4}.Debug|x64.ActiveCfg = Debug|Any CPU
		{E0E21489-B25E-4890-8D04-07E9FABD88E4}.Debug|x64.Build.0 = Debug|Any CPU
		{E0E21489-B25E-4890-8D04-07E9FABD88E4}.Debug|x86.ActiveCfg = Debug|Any CPU
		{E0E21489-B25E-4890-8D04-07E9FABD88E4}.Debug|x86.Build.0 = Debug|Any CPU
		{E0E21489-B25E-4890-8D04-07E9FABD88E4}.Release|Any CPU.ActiveCfg = Release|Any CPU
		{E0E21489-B25E-4890-8D04-07E9FABD88E4}.Release|Any CPU.Build.0 = Release|Any CPU
		{E0E21489-B25E-4890-8D04-07E9FABD88E4}.Release|x64.ActiveCfg = Release|Any CPU
		{E0E21489-B25E-4890-8D04-07E9FABD88E4}.Release|x64.Build.0 = Release|Any CPU
		{E0E21489-B25E-4890-8D04-07E9FABD88E4}.Release|x86.ActiveCfg = Release|Any CPU
		{E0E21489-B25E-4890-8D04-07E9FABD88E4}.Release|x86.Build.0 = Release|Any CPU
		{C42A3B7F-19EC-4F62-A70D-CF9732097116}.Debug|Any CPU.ActiveCfg = Debug|Any CPU
		{C42A3B7F-19EC-4F62-A70D-CF9732097116}.Debug|Any CPU.Build.0 = Debug|Any CPU
		{C42A3B7F-19EC-4F62-A70D-CF9732097116}.Debug|x64.ActiveCfg = Debug|Any CPU
		{C42A3B7F-19EC-4F62-A70D-CF9732097116}.Debug|x64.Build.0 = Debug|Any CPU
		{C42A3B7F-19EC-4F62-A70D-CF9732097116}.Debug|x86.ActiveCfg = Debug|Any CPU
		{C42A3B7F-19EC-4F62-A70D-CF9732097116}.Debug|x86.Build.0 = Debug|Any CPU
		{C42A3B7F-19EC-4F62-A70D-CF9732097116}.Release|Any CPU.ActiveCfg = Release|Any CPU
		{C42A3B7F-19EC-4F62-A70D-CF9732097116}.Release|Any CPU.Build.0 = Release|Any CPU
		{C42A3B7F-19EC-4F62-A70D-CF9732097116}.Release|x64.ActiveCfg = Release|Any CPU
		{C42A3B7F-19EC-4F62-A70D-CF9732097116}.Release|x64.Build.0 = Release|Any CPU
		{C42A3B7F-19EC-4F62-A70D-CF9732097116}.Release|x86.ActiveCfg = Release|Any CPU
		{C42A3B7F-19EC-4F62-A70D-CF9732097116}.Release|x86.Build.0 = Release|Any CPU
		{2651964E-F0FB-4974-820A-1BE94C3D2ED6}.Debug|Any CPU.ActiveCfg = Debug|Any CPU
		{2651964E-F0FB-4974-820A-1BE94C3D2ED6}.Debug|Any CPU.Build.0 = Debug|Any CPU
		{2651964E-F0FB-4974-820A-1BE94C3D2ED6}.Debug|x64.ActiveCfg = Debug|Any CPU
		{2651964E-F0FB-4974-820A-1BE94C3D2ED6}.Debug|x64.Build.0 = Debug|Any CPU
		{2651964E-F0FB-4974-820A-1BE94C3D2ED6}.Debug|x86.ActiveCfg = Debug|Any CPU
		{2651964E-F0FB-4974-820A-1BE94C3D2ED6}.Debug|x86.Build.0 = Debug|Any CPU
		{2651964E-F0FB-4974-820A-1BE94C3D2ED6}.Release|Any CPU.ActiveCfg = Release|Any CPU
		{2651964E-F0FB-4974-820A-1BE94C3D2ED6}.Release|Any CPU.Build.0 = Release|Any CPU
		{2651964E-F0FB-4974-820A-1BE94C3D2ED6}.Release|x64.ActiveCfg = Release|Any CPU
		{2651964E-F0FB-4974-820A-1BE94C3D2ED6}.Release|x64.Build.0 = Release|Any CPU
		{2651964E-F0FB-4974-820A-1BE94C3D2ED6}.Release|x86.ActiveCfg = Release|Any CPU
		{2651964E-F0FB-4974-820A-1BE94C3D2ED6}.Release|x86.Build.0 = Release|Any CPU
		{B8DA1027-7E5D-444F-9345-141547D7CF3C}.Debug|Any CPU.ActiveCfg = Debug|Any CPU
		{B8DA1027-7E5D-444F-9345-141547D7CF3C}.Debug|Any CPU.Build.0 = Debug|Any CPU
		{B8DA1027-7E5D-444F-9345-141547D7CF3C}.Debug|x64.ActiveCfg = Debug|Any CPU
		{B8DA1027-7E5D-444F-9345-141547D7CF3C}.Debug|x64.Build.0 = Debug|Any CPU
		{B8DA1027-7E5D-444F-9345-141547D7CF3C}.Debug|x86.ActiveCfg = Debug|Any CPU
		{B8DA1027-7E5D-444F-9345-141547D7CF3C}.Debug|x86.Build.0 = Debug|Any CPU
		{B8DA1027-7E5D-444F-9345-141547D7CF3C}.Release|Any CPU.ActiveCfg = Release|Any CPU
		{B8DA1027-7E5D-444F-9345-141547D7CF3C}.Release|Any CPU.Build.0 = Release|Any CPU
		{B8DA1027-7E5D-444F-9345-141547D7CF3C}.Release|x64.ActiveCfg = Release|Any CPU
		{B8DA1027-7E5D-444F-9345-141547D7CF3C}.Release|x64.Build.0 = Release|Any CPU
		{B8DA1027-7E5D-444F-9345-141547D7CF3C}.Release|x86.ActiveCfg = Release|Any CPU
		{B8DA1027-7E5D-444F-9345-141547D7CF3C}.Release|x86.Build.0 = Release|Any CPU
		{BD256337-03B8-4FFD-88B7-0C766AD3BDEA}.Debug|Any CPU.ActiveCfg = Debug|Any CPU
		{BD256337-03B8-4FFD-88B7-0C766AD3BDEA}.Debug|Any CPU.Build.0 = Debug|Any CPU
		{BD256337-03B8-4FFD-88B7-0C766AD3BDEA}.Debug|x64.ActiveCfg = Debug|Any CPU
		{BD256337-03B8-4FFD-88B7-0C766AD3BDEA}.Debug|x64.Build.0 = Debug|Any CPU
		{BD256337-03B8-4FFD-88B7-0C766AD3BDEA}.Debug|x86.ActiveCfg = Debug|Any CPU
		{BD256337-03B8-4FFD-88B7-0C766AD3BDEA}.Debug|x86.Build.0 = Debug|Any CPU
		{BD256337-03B8-4FFD-88B7-0C766AD3BDEA}.Release|Any CPU.ActiveCfg = Release|Any CPU
		{BD256337-03B8-4FFD-88B7-0C766AD3BDEA}.Release|Any CPU.Build.0 = Release|Any CPU
		{BD256337-03B8-4FFD-88B7-0C766AD3BDEA}.Release|x64.ActiveCfg = Release|Any CPU
		{BD256337-03B8-4FFD-88B7-0C766AD3BDEA}.Release|x64.Build.0 = Release|Any CPU
		{BD256337-03B8-4FFD-88B7-0C766AD3BDEA}.Release|x86.ActiveCfg = Release|Any CPU
		{BD256337-03B8-4FFD-88B7-0C766AD3BDEA}.Release|x86.Build.0 = Release|Any CPU
		{0F653BA2-BE56-418B-A21B-D81805F606D0}.Debug|Any CPU.ActiveCfg = Debug|Any CPU
		{0F653BA2-BE56-418B-A21B-D81805F606D0}.Debug|Any CPU.Build.0 = Debug|Any CPU
		{0F653BA2-BE56-418B-A21B-D81805F606D0}.Debug|x64.ActiveCfg = Debug|Any CPU
		{0F653BA2-BE56-418B-A21B-D81805F606D0}.Debug|x64.Build.0 = Debug|Any CPU
		{0F653BA2-BE56-418B-A21B-D81805F606D0}.Debug|x86.ActiveCfg = Debug|Any CPU
		{0F653BA2-BE56-418B-A21B-D81805F606D0}.Debug|x86.Build.0 = Debug|Any CPU
		{0F653BA2-BE56-418B-A21B-D81805F606D0}.Release|Any CPU.ActiveCfg = Release|Any CPU
		{0F653BA2-BE56-418B-A21B-D81805F606D0}.Release|Any CPU.Build.0 = Release|Any CPU
		{0F653BA2-BE56-418B-A21B-D81805F606D0}.Release|x64.ActiveCfg = Release|Any CPU
		{0F653BA2-BE56-418B-A21B-D81805F606D0}.Release|x64.Build.0 = Release|Any CPU
		{0F653BA2-BE56-418B-A21B-D81805F606D0}.Release|x86.ActiveCfg = Release|Any CPU
		{0F653BA2-BE56-418B-A21B-D81805F606D0}.Release|x86.Build.0 = Release|Any CPU
		{FF1B5409-DB41-40B2-A997-6CAD39953828}.Debug|Any CPU.ActiveCfg = Debug|Any CPU
		{FF1B5409-DB41-40B2-A997-6CAD39953828}.Debug|Any CPU.Build.0 = Debug|Any CPU
		{FF1B5409-DB41-40B2-A997-6CAD39953828}.Debug|x64.ActiveCfg = Debug|Any CPU
		{FF1B5409-DB41-40B2-A997-6CAD39953828}.Debug|x64.Build.0 = Debug|Any CPU
		{FF1B5409-DB41-40B2-A997-6CAD39953828}.Debug|x86.ActiveCfg = Debug|Any CPU
		{FF1B5409-DB41-40B2-A997-6CAD39953828}.Debug|x86.Build.0 = Debug|Any CPU
		{FF1B5409-DB41-40B2-A997-6CAD39953828}.Release|Any CPU.ActiveCfg = Release|Any CPU
		{FF1B5409-DB41-40B2-A997-6CAD39953828}.Release|Any CPU.Build.0 = Release|Any CPU
		{FF1B5409-DB41-40B2-A997-6CAD39953828}.Release|x64.ActiveCfg = Release|Any CPU
		{FF1B5409-DB41-40B2-A997-6CAD39953828}.Release|x64.Build.0 = Release|Any CPU
		{FF1B5409-DB41-40B2-A997-6CAD39953828}.Release|x86.ActiveCfg = Release|Any CPU
		{FF1B5409-DB41-40B2-A997-6CAD39953828}.Release|x86.Build.0 = Release|Any CPU
		{297D0967-E4EE-4870-864A-F3005E257C6C}.Debug|Any CPU.ActiveCfg = Debug|Any CPU
		{297D0967-E4EE-4870-864A-F3005E257C6C}.Debug|Any CPU.Build.0 = Debug|Any CPU
		{297D0967-E4EE-4870-864A-F3005E257C6C}.Debug|x64.ActiveCfg = Debug|Any CPU
		{297D0967-E4EE-4870-864A-F3005E257C6C}.Debug|x64.Build.0 = Debug|Any CPU
		{297D0967-E4EE-4870-864A-F3005E257C6C}.Debug|x86.ActiveCfg = Debug|Any CPU
		{297D0967-E4EE-4870-864A-F3005E257C6C}.Debug|x86.Build.0 = Debug|Any CPU
		{297D0967-E4EE-4870-864A-F3005E257C6C}.Release|Any CPU.ActiveCfg = Release|Any CPU
		{297D0967-E4EE-4870-864A-F3005E257C6C}.Release|Any CPU.Build.0 = Release|Any CPU
		{297D0967-E4EE-4870-864A-F3005E257C6C}.Release|x64.ActiveCfg = Release|Any CPU
		{297D0967-E4EE-4870-864A-F3005E257C6C}.Release|x64.Build.0 = Release|Any CPU
		{297D0967-E4EE-4870-864A-F3005E257C6C}.Release|x86.ActiveCfg = Release|Any CPU
		{297D0967-E4EE-4870-864A-F3005E257C6C}.Release|x86.Build.0 = Release|Any CPU
		{DB4FA414-474A-4DC7-ADF9-916936F031FB}.Debug|Any CPU.ActiveCfg = Debug|Any CPU
		{DB4FA414-474A-4DC7-ADF9-916936F031FB}.Debug|Any CPU.Build.0 = Debug|Any CPU
		{DB4FA414-474A-4DC7-ADF9-916936F031FB}.Debug|x64.ActiveCfg = Debug|Any CPU
		{DB4FA414-474A-4DC7-ADF9-916936F031FB}.Debug|x64.Build.0 = Debug|Any CPU
		{DB4FA414-474A-4DC7-ADF9-916936F031FB}.Debug|x86.ActiveCfg = Debug|Any CPU
		{DB4FA414-474A-4DC7-ADF9-916936F031FB}.Debug|x86.Build.0 = Debug|Any CPU
		{DB4FA414-474A-4DC7-ADF9-916936F031FB}.Release|Any CPU.ActiveCfg = Release|Any CPU
		{DB4FA414-474A-4DC7-ADF9-916936F031FB}.Release|Any CPU.Build.0 = Release|Any CPU
		{DB4FA414-474A-4DC7-ADF9-916936F031FB}.Release|x64.ActiveCfg = Release|Any CPU
		{DB4FA414-474A-4DC7-ADF9-916936F031FB}.Release|x64.Build.0 = Release|Any CPU
		{DB4FA414-474A-4DC7-ADF9-916936F031FB}.Release|x86.ActiveCfg = Release|Any CPU
		{DB4FA414-474A-4DC7-ADF9-916936F031FB}.Release|x86.Build.0 = Release|Any CPU
		{80DF4719-1A63-4564-A6C1-27213EF3D88A}.Debug|Any CPU.ActiveCfg = Debug|Any CPU
		{80DF4719-1A63-4564-A6C1-27213EF3D88A}.Debug|Any CPU.Build.0 = Debug|Any CPU
		{80DF4719-1A63-4564-A6C1-27213EF3D88A}.Debug|x64.ActiveCfg = Debug|Any CPU
		{80DF4719-1A63-4564-A6C1-27213EF3D88A}.Debug|x64.Build.0 = Debug|Any CPU
		{80DF4719-1A63-4564-A6C1-27213EF3D88A}.Debug|x86.ActiveCfg = Debug|Any CPU
		{80DF4719-1A63-4564-A6C1-27213EF3D88A}.Debug|x86.Build.0 = Debug|Any CPU
		{80DF4719-1A63-4564-A6C1-27213EF3D88A}.Release|Any CPU.ActiveCfg = Release|Any CPU
		{80DF4719-1A63-4564-A6C1-27213EF3D88A}.Release|Any CPU.Build.0 = Release|Any CPU
		{80DF4719-1A63-4564-A6C1-27213EF3D88A}.Release|x64.ActiveCfg = Release|Any CPU
		{80DF4719-1A63-4564-A6C1-27213EF3D88A}.Release|x64.Build.0 = Release|Any CPU
		{80DF4719-1A63-4564-A6C1-27213EF3D88A}.Release|x86.ActiveCfg = Release|Any CPU
		{80DF4719-1A63-4564-A6C1-27213EF3D88A}.Release|x86.Build.0 = Release|Any CPU
		{3DAC6874-C4B0-4070-82CE-5AF563271E61}.Debug|Any CPU.ActiveCfg = Debug|Any CPU
		{3DAC6874-C4B0-4070-82CE-5AF563271E61}.Debug|Any CPU.Build.0 = Debug|Any CPU
		{3DAC6874-C4B0-4070-82CE-5AF563271E61}.Debug|x64.ActiveCfg = Debug|Any CPU
		{3DAC6874-C4B0-4070-82CE-5AF563271E61}.Debug|x64.Build.0 = Debug|Any CPU
		{3DAC6874-C4B0-4070-82CE-5AF563271E61}.Debug|x86.ActiveCfg = Debug|Any CPU
		{3DAC6874-C4B0-4070-82CE-5AF563271E61}.Debug|x86.Build.0 = Debug|Any CPU
		{3DAC6874-C4B0-4070-82CE-5AF563271E61}.Release|Any CPU.ActiveCfg = Release|Any CPU
		{3DAC6874-C4B0-4070-82CE-5AF563271E61}.Release|Any CPU.Build.0 = Release|Any CPU
		{3DAC6874-C4B0-4070-82CE-5AF563271E61}.Release|x64.ActiveCfg = Release|Any CPU
		{3DAC6874-C4B0-4070-82CE-5AF563271E61}.Release|x64.Build.0 = Release|Any CPU
		{3DAC6874-C4B0-4070-82CE-5AF563271E61}.Release|x86.ActiveCfg = Release|Any CPU
		{3DAC6874-C4B0-4070-82CE-5AF563271E61}.Release|x86.Build.0 = Release|Any CPU
		{2544F75A-C1AE-41CF-8CD4-AF132B34B0B7}.Debug|Any CPU.ActiveCfg = Debug|Any CPU
		{2544F75A-C1AE-41CF-8CD4-AF132B34B0B7}.Debug|Any CPU.Build.0 = Debug|Any CPU
		{2544F75A-C1AE-41CF-8CD4-AF132B34B0B7}.Debug|x64.ActiveCfg = Debug|Any CPU
		{2544F75A-C1AE-41CF-8CD4-AF132B34B0B7}.Debug|x64.Build.0 = Debug|Any CPU
		{2544F75A-C1AE-41CF-8CD4-AF132B34B0B7}.Debug|x86.ActiveCfg = Debug|Any CPU
		{2544F75A-C1AE-41CF-8CD4-AF132B34B0B7}.Debug|x86.Build.0 = Debug|Any CPU
		{2544F75A-C1AE-41CF-8CD4-AF132B34B0B7}.Release|Any CPU.ActiveCfg = Release|Any CPU
		{2544F75A-C1AE-41CF-8CD4-AF132B34B0B7}.Release|Any CPU.Build.0 = Release|Any CPU
		{2544F75A-C1AE-41CF-8CD4-AF132B34B0B7}.Release|x64.ActiveCfg = Release|Any CPU
		{2544F75A-C1AE-41CF-8CD4-AF132B34B0B7}.Release|x64.Build.0 = Release|Any CPU
		{2544F75A-C1AE-41CF-8CD4-AF132B34B0B7}.Release|x86.ActiveCfg = Release|Any CPU
		{2544F75A-C1AE-41CF-8CD4-AF132B34B0B7}.Release|x86.Build.0 = Release|Any CPU
		{D612190F-23A1-4471-9031-9AB1ADDA3670}.Debug|Any CPU.ActiveCfg = Debug|Any CPU
		{D612190F-23A1-4471-9031-9AB1ADDA3670}.Debug|Any CPU.Build.0 = Debug|Any CPU
		{D612190F-23A1-4471-9031-9AB1ADDA3670}.Debug|x64.ActiveCfg = Debug|Any CPU
		{D612190F-23A1-4471-9031-9AB1ADDA3670}.Debug|x64.Build.0 = Debug|Any CPU
		{D612190F-23A1-4471-9031-9AB1ADDA3670}.Debug|x86.ActiveCfg = Debug|Any CPU
		{D612190F-23A1-4471-9031-9AB1ADDA3670}.Debug|x86.Build.0 = Debug|Any CPU
		{D612190F-23A1-4471-9031-9AB1ADDA3670}.Release|Any CPU.ActiveCfg = Release|Any CPU
		{D612190F-23A1-4471-9031-9AB1ADDA3670}.Release|Any CPU.Build.0 = Release|Any CPU
		{D612190F-23A1-4471-9031-9AB1ADDA3670}.Release|x64.ActiveCfg = Release|Any CPU
		{D612190F-23A1-4471-9031-9AB1ADDA3670}.Release|x64.Build.0 = Release|Any CPU
		{D612190F-23A1-4471-9031-9AB1ADDA3670}.Release|x86.ActiveCfg = Release|Any CPU
		{D612190F-23A1-4471-9031-9AB1ADDA3670}.Release|x86.Build.0 = Release|Any CPU
		{D8252974-42D0-45DB-84A9-8D18F6CE974F}.Debug|Any CPU.ActiveCfg = Debug|Any CPU
		{D8252974-42D0-45DB-84A9-8D18F6CE974F}.Debug|Any CPU.Build.0 = Debug|Any CPU
		{D8252974-42D0-45DB-84A9-8D18F6CE974F}.Debug|x64.ActiveCfg = Debug|Any CPU
		{D8252974-42D0-45DB-84A9-8D18F6CE974F}.Debug|x64.Build.0 = Debug|Any CPU
		{D8252974-42D0-45DB-84A9-8D18F6CE974F}.Debug|x86.ActiveCfg = Debug|Any CPU
		{D8252974-42D0-45DB-84A9-8D18F6CE974F}.Debug|x86.Build.0 = Debug|Any CPU
		{D8252974-42D0-45DB-84A9-8D18F6CE974F}.Release|Any CPU.ActiveCfg = Release|Any CPU
		{D8252974-42D0-45DB-84A9-8D18F6CE974F}.Release|Any CPU.Build.0 = Release|Any CPU
		{D8252974-42D0-45DB-84A9-8D18F6CE974F}.Release|x64.ActiveCfg = Release|Any CPU
		{D8252974-42D0-45DB-84A9-8D18F6CE974F}.Release|x64.Build.0 = Release|Any CPU
		{D8252974-42D0-45DB-84A9-8D18F6CE974F}.Release|x86.ActiveCfg = Release|Any CPU
		{D8252974-42D0-45DB-84A9-8D18F6CE974F}.Release|x86.Build.0 = Release|Any CPU
		{131F370B-BC0D-4C86-AE53-2815D8734279}.Debug|Any CPU.ActiveCfg = Debug|Any CPU
		{131F370B-BC0D-4C86-AE53-2815D8734279}.Debug|Any CPU.Build.0 = Debug|Any CPU
		{131F370B-BC0D-4C86-AE53-2815D8734279}.Debug|x64.ActiveCfg = Debug|Any CPU
		{131F370B-BC0D-4C86-AE53-2815D8734279}.Debug|x64.Build.0 = Debug|Any CPU
		{131F370B-BC0D-4C86-AE53-2815D8734279}.Debug|x86.ActiveCfg = Debug|Any CPU
		{131F370B-BC0D-4C86-AE53-2815D8734279}.Debug|x86.Build.0 = Debug|Any CPU
		{131F370B-BC0D-4C86-AE53-2815D8734279}.Release|Any CPU.ActiveCfg = Release|Any CPU
		{131F370B-BC0D-4C86-AE53-2815D8734279}.Release|Any CPU.Build.0 = Release|Any CPU
		{131F370B-BC0D-4C86-AE53-2815D8734279}.Release|x64.ActiveCfg = Release|Any CPU
		{131F370B-BC0D-4C86-AE53-2815D8734279}.Release|x64.Build.0 = Release|Any CPU
		{131F370B-BC0D-4C86-AE53-2815D8734279}.Release|x86.ActiveCfg = Release|Any CPU
		{131F370B-BC0D-4C86-AE53-2815D8734279}.Release|x86.Build.0 = Release|Any CPU
		{22291316-52F8-457B-8378-B01A86A95ED1}.Debug|Any CPU.ActiveCfg = Debug|Any CPU
		{22291316-52F8-457B-8378-B01A86A95ED1}.Debug|Any CPU.Build.0 = Debug|Any CPU
		{22291316-52F8-457B-8378-B01A86A95ED1}.Debug|x64.ActiveCfg = Debug|Any CPU
		{22291316-52F8-457B-8378-B01A86A95ED1}.Debug|x64.Build.0 = Debug|Any CPU
		{22291316-52F8-457B-8378-B01A86A95ED1}.Debug|x86.ActiveCfg = Debug|Any CPU
		{22291316-52F8-457B-8378-B01A86A95ED1}.Debug|x86.Build.0 = Debug|Any CPU
		{22291316-52F8-457B-8378-B01A86A95ED1}.Release|Any CPU.ActiveCfg = Release|Any CPU
		{22291316-52F8-457B-8378-B01A86A95ED1}.Release|Any CPU.Build.0 = Release|Any CPU
		{22291316-52F8-457B-8378-B01A86A95ED1}.Release|x64.ActiveCfg = Release|Any CPU
		{22291316-52F8-457B-8378-B01A86A95ED1}.Release|x64.Build.0 = Release|Any CPU
		{22291316-52F8-457B-8378-B01A86A95ED1}.Release|x86.ActiveCfg = Release|Any CPU
		{22291316-52F8-457B-8378-B01A86A95ED1}.Release|x86.Build.0 = Release|Any CPU
	EndGlobalSection
	GlobalSection(SolutionProperties) = preSolution
		HideSolutionNode = FALSE
	EndGlobalSection
	GlobalSection(NestedProjects) = preSolution
		{C6D112CC-367B-434D-BFBD-6186BB6D91F1} = {827E0CD3-B72D-47B6-A68D-7590B98EB39B}
		{E0D81BC3-9C7B-4624-ADC9-F50B54C49ABE} = {827E0CD3-B72D-47B6-A68D-7590B98EB39B}
		{E0E21489-B25E-4890-8D04-07E9FABD88E4} = {827E0CD3-B72D-47B6-A68D-7590B98EB39B}
		{C42A3B7F-19EC-4F62-A70D-CF9732097116} = {827E0CD3-B72D-47B6-A68D-7590B98EB39B}
		{2651964E-F0FB-4974-820A-1BE94C3D2ED6} = {827E0CD3-B72D-47B6-A68D-7590B98EB39B}
		{B8DA1027-7E5D-444F-9345-141547D7CF3C} = {827E0CD3-B72D-47B6-A68D-7590B98EB39B}
		{BD256337-03B8-4FFD-88B7-0C766AD3BDEA} = {827E0CD3-B72D-47B6-A68D-7590B98EB39B}
		{0F653BA2-BE56-418B-A21B-D81805F606D0} = {827E0CD3-B72D-47B6-A68D-7590B98EB39B}
		{FF1B5409-DB41-40B2-A997-6CAD39953828} = {827E0CD3-B72D-47B6-A68D-7590B98EB39B}
		{297D0967-E4EE-4870-864A-F3005E257C6C} = {827E0CD3-B72D-47B6-A68D-7590B98EB39B}
		{DB4FA414-474A-4DC7-ADF9-916936F031FB} = {827E0CD3-B72D-47B6-A68D-7590B98EB39B}
		{80DF4719-1A63-4564-A6C1-27213EF3D88A} = {0AB3BF05-4346-4AA6-1389-037BE0695223}
		{3DAC6874-C4B0-4070-82CE-5AF563271E61} = {0AB3BF05-4346-4AA6-1389-037BE0695223}
		{2544F75A-C1AE-41CF-8CD4-AF132B34B0B7} = {0AB3BF05-4346-4AA6-1389-037BE0695223}
		{9BFD89C0-F61A-C713-DBE5-F890A8FACEA1} = {0DC175A4-010F-A5A8-72A9-B7A5E3C716E6}
		{D612190F-23A1-4471-9031-9AB1ADDA3670} = {9BFD89C0-F61A-C713-DBE5-F890A8FACEA1}
		{D8252974-42D0-45DB-84A9-8D18F6CE974F} = {9BFD89C0-F61A-C713-DBE5-F890A8FACEA1}
		{131F370B-BC0D-4C86-AE53-2815D8734279} = {0AB3BF05-4346-4AA6-1389-037BE0695223}
		{22291316-52F8-457B-8378-B01A86A95ED1} = {0AB3BF05-4346-4AA6-1389-037BE0695223}
	EndGlobalSection
EndGlobal
